
Microsoft Visual Studio Solution File, Format Version 12.00
# Visual Studio Version 16
VisualStudioVersion = 16.0.31605.320
MinimumVisualStudioVersion = 10.0.40219.1
Project("{8BC9CEB8-8B4A-11D0-8D11-00A0C91BC942}") = "Incrementer", "Incrementer.vcxproj", "{0372599A-5CBF-4063-962D-93AEFB665048}"
EndProject
Global
	GlobalSection(SolutionConfigurationPlatforms) = preSolution
		Debug|x64 = Debug|x64
		Debug|x86 = Debug|x86
		Release|x64 = Release|x64
		Release|x86 = Release|x86
	EndGlobalSection
	GlobalSection(ProjectConfigurationPlatforms) = postSolution
		{0372599A-5CBF-4063-962D-93AEFB665048}.Debug|x64.ActiveCfg = Debug|x64
		{0372599A-5CBF-4063-962D-93AEFB665048}.Debug|x64.Build.0 = Debug|x64
		{0372599A-5CBF-4063-962D-93AEFB665048}.Debug|x86.ActiveCfg = Debug|Win32
		{0372599A-5CBF-4063-962D-93AEFB665048}.Debug|x86.Build.0 = Debug|Win32
		{0372599A-5CBF-4063-962D-93AEFB665048}.Release|x64.ActiveCfg = Release|x64
		{0372599A-5CBF-4063-962D-93AEFB665048}.Release|x64.Build.0 = Release|x64
		{0372599A-5CBF-4063-962D-93AEFB665048}.Release|x86.ActiveCfg = Release|Win32
		{0372599A-5CBF-4063-962D-93AEFB665048}.Release|x86.Build.0 = Release|Win32
	EndGlobalSection
	GlobalSection(SolutionProperties) = preSolution
		HideSolutionNode = FALSE
	EndGlobalSection
	GlobalSection(ExtensibilityGlobals) = postSolution
		SolutionGuid = {6787CDE4-DDC3-4898-A5DA-4C00E4EB9E87}
	EndGlobalSection
EndGlobal
