
Microsoft Visual Studio Solution File, Format Version 12.00
# Visual Studio Version 16
VisualStudioVersion = 16.0.31605.320
MinimumVisualStudioVersion = 10.0.40219.1
Project("{8BC9CEB8-8B4A-11D0-8D11-00A0C91BC942}") = "Exclusive or", "Exclusive or.vcxproj", "{006C5F81-3B8B-45F7-BCDE-959CF1AD774A}"
EndProject
Global
	GlobalSection(SolutionConfigurationPlatforms) = preSolution
		Debug|x64 = Debug|x64
		Debug|x86 = Debug|x86
		Release|x64 = Release|x64
		Release|x86 = Release|x86
	EndGlobalSection
	GlobalSection(ProjectConfigurationPlatforms) = postSolution
		{006C5F81-3B8B-45F7-BCDE-959CF1AD774A}.Debug|x64.ActiveCfg = Debug|x64
		{006C5F81-3B8B-45F7-BCDE-959CF1AD774A}.Debug|x64.Build.0 = Debug|x64
		{006C5F81-3B8B-45F7-BCDE-959CF1AD774A}.Debug|x86.ActiveCfg = Debug|Win32
		{006C5F81-3B8B-45F7-BCDE-959CF1AD774A}.Debug|x86.Build.0 = Debug|Win32
		{006C5F81-3B8B-45F7-BCDE-959CF1AD774A}.Release|x64.ActiveCfg = Release|x64
		{006C5F81-3B8B-45F7-BCDE-959CF1AD774A}.Release|x64.Build.0 = Release|x64
		{006C5F81-3B8B-45F7-BCDE-959CF1AD774A}.Release|x86.ActiveCfg = Release|Win32
		{006C5F81-3B8B-45F7-BCDE-959CF1AD774A}.Release|x86.Build.0 = Release|Win32
	EndGlobalSection
	GlobalSection(SolutionProperties) = preSolution
		HideSolutionNode = FALSE
	EndGlobalSection
	GlobalSection(ExtensibilityGlobals) = postSolution
		SolutionGuid = {76B2F091-FE3E-45E5-A6BC-7E5D17007C59}
	EndGlobalSection
EndGlobal
