
Microsoft Visual Studio Solution File, Format Version 12.00
# Visual Studio Version 16
VisualStudioVersion = 16.0.31605.320
MinimumVisualStudioVersion = 10.0.40219.1
Project("{8BC9CEB8-8B4A-11D0-8D11-00A0C91BC942}") = "Two fighters, one winner", "Two fighters, one winner.vcxproj", "{B6841A21-8DFF-40F1-9936-C5122CC4D283}"
EndProject
Global
	GlobalSection(SolutionConfigurationPlatforms) = preSolution
		Debug|x64 = Debug|x64
		Debug|x86 = Debug|x86
		Release|x64 = Release|x64
		Release|x86 = Release|x86
	EndGlobalSection
	GlobalSection(ProjectConfigurationPlatforms) = postSolution
		{B6841A21-8DFF-40F1-9936-C5122CC4D283}.Debug|x64.ActiveCfg = Debug|x64
		{B6841A21-8DFF-40F1-9936-C5122CC4D283}.Debug|x64.Build.0 = Debug|x64
		{B6841A21-8DFF-40F1-9936-C5122CC4D283}.Debug|x86.ActiveCfg = Debug|Win32
		{B6841A21-8DFF-40F1-9936-C5122CC4D283}.Debug|x86.Build.0 = Debug|Win32
		{B6841A21-8DFF-40F1-9936-C5122CC4D283}.Release|x64.ActiveCfg = Release|x64
		{B6841A21-8DFF-40F1-9936-C5122CC4D283}.Release|x64.Build.0 = Release|x64
		{B6841A21-8DFF-40F1-9936-C5122CC4D283}.Release|x86.ActiveCfg = Release|Win32
		{B6841A21-8DFF-40F1-9936-C5122CC4D283}.Release|x86.Build.0 = Release|Win32
	EndGlobalSection
	GlobalSection(SolutionProperties) = preSolution
		HideSolutionNode = FALSE
	EndGlobalSection
	GlobalSection(ExtensibilityGlobals) = postSolution
		SolutionGuid = {EBE47441-6EFC-4D2B-AC8D-A61795E641A9}
	EndGlobalSection
EndGlobal
