
Microsoft Visual Studio Solution File, Format Version 12.00
# Visual Studio Version 16
VisualStudioVersion = 16.0.31605.320
MinimumVisualStudioVersion = 10.0.40219.1
Project("{8BC9CEB8-8B4A-11D0-8D11-00A0C91BC942}") = "Sum of differences in array", "Sum of differences in array.vcxproj", "{5DA05868-67A7-4B23-A5EA-5DBEEA3C40A0}"
EndProject
Global
	GlobalSection(SolutionConfigurationPlatforms) = preSolution
		Debug|x64 = Debug|x64
		Debug|x86 = Debug|x86
		Release|x64 = Release|x64
		Release|x86 = Release|x86
	EndGlobalSection
	GlobalSection(ProjectConfigurationPlatforms) = postSolution
		{5DA05868-67A7-4B23-A5EA-5DBEEA3C40A0}.Debug|x64.ActiveCfg = Debug|x64
		{5DA05868-67A7-4B23-A5EA-5DBEEA3C40A0}.Debug|x64.Build.0 = Debug|x64
		{5DA05868-67A7-4B23-A5EA-5DBEEA3C40A0}.Debug|x86.ActiveCfg = Debug|Win32
		{5DA05868-67A7-4B23-A5EA-5DBEEA3C40A0}.Debug|x86.Build.0 = Debug|Win32
		{5DA05868-67A7-4B23-A5EA-5DBEEA3C40A0}.Release|x64.ActiveCfg = Release|x64
		{5DA05868-67A7-4B23-A5EA-5DBEEA3C40A0}.Release|x64.Build.0 = Release|x64
		{5DA05868-67A7-4B23-A5EA-5DBEEA3C40A0}.Release|x86.ActiveCfg = Release|Win32
		{5DA05868-67A7-4B23-A5EA-5DBEEA3C40A0}.Release|x86.Build.0 = Release|Win32
	EndGlobalSection
	GlobalSection(SolutionProperties) = preSolution
		HideSolutionNode = FALSE
	EndGlobalSection
	GlobalSection(ExtensibilityGlobals) = postSolution
		SolutionGuid = {A64C79E6-26F7-4686-B498-DC2997FE0298}
	EndGlobalSection
EndGlobal
