
Microsoft Visual Studio Solution File, Format Version 12.00
# Visual Studio Version 16
VisualStudioVersion = 16.0.31605.320
MinimumVisualStudioVersion = 10.0.40219.1
Project("{8BC9CEB8-8B4A-11D0-8D11-00A0C91BC942}") = "Expressions Matter", "Expressions Matter.vcxproj", "{F9C6406D-15F8-41A4-AA93-01C6C4E9EACE}"
EndProject
Global
	GlobalSection(SolutionConfigurationPlatforms) = preSolution
		Debug|x64 = Debug|x64
		Debug|x86 = Debug|x86
		Release|x64 = Release|x64
		Release|x86 = Release|x86
	EndGlobalSection
	GlobalSection(ProjectConfigurationPlatforms) = postSolution
		{F9C6406D-15F8-41A4-AA93-01C6C4E9EACE}.Debug|x64.ActiveCfg = Debug|x64
		{F9C6406D-15F8-41A4-AA93-01C6C4E9EACE}.Debug|x64.Build.0 = Debug|x64
		{F9C6406D-15F8-41A4-AA93-01C6C4E9EACE}.Debug|x86.ActiveCfg = Debug|Win32
		{F9C6406D-15F8-41A4-AA93-01C6C4E9EACE}.Debug|x86.Build.0 = Debug|Win32
		{F9C6406D-15F8-41A4-AA93-01C6C4E9EACE}.Release|x64.ActiveCfg = Release|x64
		{F9C6406D-15F8-41A4-AA93-01C6C4E9EACE}.Release|x64.Build.0 = Release|x64
		{F9C6406D-15F8-41A4-AA93-01C6C4E9EACE}.Release|x86.ActiveCfg = Release|Win32
		{F9C6406D-15F8-41A4-AA93-01C6C4E9EACE}.Release|x86.Build.0 = Release|Win32
	EndGlobalSection
	GlobalSection(SolutionProperties) = preSolution
		HideSolutionNode = FALSE
	EndGlobalSection
	GlobalSection(ExtensibilityGlobals) = postSolution
		SolutionGuid = {188A8D28-08CC-4A6A-B6D3-7AC0C6F5797D}
	EndGlobalSection
EndGlobal
